
Microsoft Visual Studio Solution File, Format Version 12.00
# Visual Studio Version 17
VisualStudioVersion = 17.14.36301.6 d17.14
MinimumVisualStudioVersion = 10.0.40219.1
Project("{FAE04EC0-301F-11D3-BF4B-00C04F79EFBC}") = "AssetHubBlazor", "AssetHubBlazor\AssetHubBlazor.csproj", "{377D533F-951E-4278-9E94-119FD3D7C89A}"
EndProject
Global
	GlobalSection(SolutionConfigurationPlatforms) = preSolution
		Debug|Any CPU = Debug|Any CPU
		Release|Any CPU = Release|Any CPU
	EndGlobalSection
	GlobalSection(ProjectConfigurationPlatforms) = postSolution
		{377D533F-951E-4278-9E94-119FD3D7C89A}.Debug|Any CPU.ActiveCfg = Debug|Any CPU
		{377D533F-951E-4278-9E94-119FD3D7C89A}.Debug|Any CPU.Build.0 = Debug|Any CPU
		{377D533F-951E-4278-9E94-119FD3D7C89A}.Release|Any CPU.ActiveCfg = Release|Any CPU
		{377D533F-951E-4278-9E94-119FD3D7C89A}.Release|Any CPU.Build.0 = Release|Any CPU
	EndGlobalSection
	GlobalSection(SolutionProperties) = preSolution
		HideSolutionNode = FALSE
	EndGlobalSection
	GlobalSection(ExtensibilityGlobals) = postSolution
		SolutionGuid = {E78E7E9E-1F42-4FD9-9B68-B31CC8B7E858}
	EndGlobalSection
EndGlobal
